{
    "_readme": [
        "This file locks the dependencies of your project to a known state",
        "Read more about it at https://getcomposer.org/doc/01-basic-usage.md#installing-dependencies",
        "This file is @generated automatically"
    ],
    "content-hash": "4be4d8b0ce21110249b1f45e4ac7e4ce",
    "packages": [
        {
            "name": "ralfhortt/service-contracts",
            "version": "dev-php72",
            "source": {
                "type": "git",
                "url": "https://github.com/Horttcore/ServiceContract.git",
                "reference": "6d2bda1e0f3b51dd1b8ff9dde9069dfbcae829c0"
            },
            "dist": {
                "type": "zip",
                "url": "https://api.github.com/repos/Horttcore/ServiceContract/zipball/6d2bda1e0f3b51dd1b8ff9dde9069dfbcae829c0",
                "reference": "6d2bda1e0f3b51dd1b8ff9dde9069dfbcae829c0",
                "shasum": ""
            },
            "type": "library",
            "autoload": {
                "psr-4": {
                    "RalfHortt\\ServiceContracts\\": "src/"
                }
            },
            "notification-url": "https://packagist.org/downloads/",
            "license": [
                "MIT"
            ],
            "authors": [
                {
                    "name": "Ralf Hortt",
                    "email": "me@horttcore.de"
                }
            ],
            "description": "A service contract",
            "time": "2020-04-06T13:48:40+00:00"
        }
    ],
    "packages-dev": [],
    "aliases": [],
    "minimum-stability": "stable",
    "stability-flags": {
        "ralfhortt/service-contracts": 20
    },
    "prefer-stable": false,
    "prefer-lowest": false,
    "platform": [],
    "platform-dev": []
}
